schema: '2.0'
stages:
  data_ingestion:
    cmd: python src/data_ingestion.py
    deps:
    - path: src/data_ingestion.py
      hash: md5
      md5: e6f5b7bb7558d5a28b657e310d1bde34
      size: 3708
    params:
      params.yaml:
        data_ingestion.test_size: 0.2
    outs:
    - path: data/raw
      hash: md5
      md5: 1a287d34dc172d9f950c03dae35f7e73.dir
      size: 484846
      nfiles: 2
  data_preprocessing:
    cmd: python src/data_preprocessing.py
    deps:
    - path: data/raw
      hash: md5
      md5: 1a287d34dc172d9f950c03dae35f7e73.dir
      size: 484846
      nfiles: 2
    - path: src/data_preprocessing.py
      hash: md5
      md5: 36126a4d48722379efaab01d2c3cb4af
      size: 3894
    outs:
    - path: data/interim
      hash: md5
      md5: 735bcc17150a2f51ab24bf0470114aa8.dir
      size: 260073
      nfiles: 2
  feature_engineering:
    cmd: python src/feature_engineering.py
    deps:
    - path: data/interim
      hash: md5
      md5: 735bcc17150a2f51ab24bf0470114aa8.dir
      size: 260073
      nfiles: 2
    - path: src/feature_engineering.py
      hash: md5
      md5: 8b2443246daf7d5dac74dec71b62fd72
      size: 3967
    params:
      params.yaml:
        feature_engineering.max_features: 50
    outs:
    - path: data/processed
      hash: md5
      md5: 75e218e1ef3eca0fbee7bf147502a2e7.dir
      size: 1179996
      nfiles: 2
  model_traiing:
    cmd: python src/model_training.py
    deps:
    - path: data/processed
      hash: md5
      md5: 8055a0ba6e072d7f85c11cbd4e6591f1.dir
      size: 1180748
      nfiles: 2
    - path: src/model_training.py
      hash: md5
      md5: eac6b97ec180e9dc14ee08bf0a5bbb33
      size: 3896
    outs:
    - path: models/model.pkl
      hash: md5
      md5: 38ea8141bb8921a1e947d0173f3b4829
      size: 970460
  model_evaluation:
    cmd: python src/model_evaluation.py
    deps:
    - path: models/model.pkl
      hash: md5
      md5: 71e9bb79e5ba3ed87036a85af2d8ebb7
      size: 998780
    - path: src/model_evaluation.py
      hash: md5
      md5: a0d62aa808b4bcb8317d9d7d16b3f546
      size: 4931
    outs:
    - path: reports/metrics.json
      hash: md5
      md5: eac6afc8901064a391e7366797af3727
      size: 145
  model_training:
    cmd: python src/model_training.py
    deps:
    - path: data/processed
      hash: md5
      md5: 75e218e1ef3eca0fbee7bf147502a2e7.dir
      size: 1179996
      nfiles: 2
    - path: src/model_training.py
      hash: md5
      md5: a3e480cc47ce5555aa14e9867d2b2c3e
      size: 4604
    params:
      params.yaml:
        model_training.n_estimators: 25
        model_training.random_state: 2
    outs:
    - path: models/model.pkl
      hash: md5
      md5: 71e9bb79e5ba3ed87036a85af2d8ebb7
      size: 998780
